
Microsoft Visual Studio Solution File, Format Version 12.00
# Visual Studio 15
VisualStudioVersion = 15.0.33403.129
MinimumVisualStudioVersion = 10.0.40219.1
Project("{FAE04EC0-301F-11D3-BF4B-00C04F79EFBC}") = "scheduler", "scheduler\scheduler.csproj", "{9E6AEC08-C509-4FEB-A5DC-8DF0A32728F3}"
EndProject
Global
	GlobalSection(SolutionConfigurationPlatforms) = preSolution
		Debug|Any CPU = Debug|Any CPU
		Release|Any CPU = Release|Any CPU
	EndGlobalSection
	GlobalSection(ProjectConfigurationPlatforms) = postSolution
		{9E6AEC08-C509-4FEB-A5DC-8DF0A32728F3}.Debug|Any CPU.ActiveCfg = Debug|Any CPU
		{9E6AEC08-C509-4FEB-A5DC-8DF0A32728F3}.Debug|Any CPU.Build.0 = Debug|Any CPU
		{9E6AEC08-C509-4FEB-A5DC-8DF0A32728F3}.Release|Any CPU.ActiveCfg = Release|Any CPU
		{9E6AEC08-C509-4FEB-A5DC-8DF0A32728F3}.Release|Any CPU.Build.0 = Release|Any CPU
	EndGlobalSection
	GlobalSection(SolutionProperties) = preSolution
		HideSolutionNode = FALSE
	EndGlobalSection
	GlobalSection(ExtensibilityGlobals) = postSolution
		SolutionGuid = {A095F954-4456-48C1-BACA-079B43E6DD68}
	EndGlobalSection
EndGlobal
